
Microsoft Visual Studio Solution File, Format Version 12.00
# Visual Studio Version 17
VisualStudioVersion = 17.8.34316.72
MinimumVisualStudioVersion = 10.0.40219.1
Project("{FAE04EC0-301F-11D3-BF4B-00C04F79EFBC}") = "blogv2", "blogv2\blogv2.csproj", "{B859A262-CCE9-4546-AB3B-4FAE7C602325}"
EndProject
Global
	GlobalSection(SolutionConfigurationPlatforms) = preSolution
		Debug|Any CPU = Debug|Any CPU
		Release|Any CPU = Release|Any CPU
	EndGlobalSection
	GlobalSection(ProjectConfigurationPlatforms) = postSolution
		{B859A262-CCE9-4546-AB3B-4FAE7C602325}.Debug|Any CPU.ActiveCfg = Debug|Any CPU
		{B859A262-CCE9-4546-AB3B-4FAE7C602325}.Debug|Any CPU.Build.0 = Debug|Any CPU
		{B859A262-CCE9-4546-AB3B-4FAE7C602325}.Release|Any CPU.ActiveCfg = Release|Any CPU
		{B859A262-CCE9-4546-AB3B-4FAE7C602325}.Release|Any CPU.Build.0 = Release|Any CPU
	EndGlobalSection
	GlobalSection(SolutionProperties) = preSolution
		HideSolutionNode = FALSE
	EndGlobalSection
	GlobalSection(ExtensibilityGlobals) = postSolution
		SolutionGuid = {1DA2D96A-B678-4CA9-8973-12507154F9BB}
	EndGlobalSection
EndGlobal
